
Microsoft Visual Studio Solution File, Format Version 12.00
# Visual Studio Version 17
VisualStudioVersion = 17.9.34622.214
MinimumVisualStudioVersion = 10.0.40219.1
Project("{FAE04EC0-301F-11D3-BF4B-00C04F79EFBC}") = "ConsoleApp4", "ConsoleApp4\ConsoleApp4.csproj", "{F6108A94-66AB-4F89-BD79-5403F73A0FA9}"
EndProject
Project("{FAE04EC0-301F-11D3-BF4B-00C04F79EFBC}") = "UnitTestProject1", "UnitTestProject1\UnitTestProject1.csproj", "{6CC53D97-5BA5-4C64-9E8A-4F652BFC0F36}"
EndProject
Global
	GlobalSection(SolutionConfigurationPlatforms) = preSolution
		Debug|Any CPU = Debug|Any CPU
		Release|Any CPU = Release|Any CPU
	EndGlobalSection
	GlobalSection(ProjectConfigurationPlatforms) = postSolution
		{F6108A94-66AB-4F89-BD79-5403F73A0FA9}.Debug|Any CPU.ActiveCfg = Debug|Any CPU
		{F6108A94-66AB-4F89-BD79-5403F73A0FA9}.Debug|Any CPU.Build.0 = Debug|Any CPU
		{F6108A94-66AB-4F89-BD79-5403F73A0FA9}.Release|Any CPU.ActiveCfg = Release|Any CPU
		{F6108A94-66AB-4F89-BD79-5403F73A0FA9}.Release|Any CPU.Build.0 = Release|Any CPU
		{6CC53D97-5BA5-4C64-9E8A-4F652BFC0F36}.Debug|Any CPU.ActiveCfg = Debug|Any CPU
		{6CC53D97-5BA5-4C64-9E8A-4F652BFC0F36}.Debug|Any CPU.Build.0 = Debug|Any CPU
		{6CC53D97-5BA5-4C64-9E8A-4F652BFC0F36}.Release|Any CPU.ActiveCfg = Release|Any CPU
		{6CC53D97-5BA5-4C64-9E8A-4F652BFC0F36}.Release|Any CPU.Build.0 = Release|Any CPU
	EndGlobalSection
	GlobalSection(SolutionProperties) = preSolution
		HideSolutionNode = FALSE
	EndGlobalSection
	GlobalSection(ExtensibilityGlobals) = postSolution
		SolutionGuid = {7B9FF4A7-A684-40CD-AD89-90A119681035}
	EndGlobalSection
EndGlobal
